{
  "name": "war",
  "version": "0.1.0",
  "lockfileVersion": 3,
  "requires": true,
  "packages": {
    "": {
      "name": "war",
      "version": "0.1.0",
      "hasInstallScript": true,
      "license": "SEE LICENSE IN LICENSE.md",
      "dependencies": {
        "kierki": "^2.1.0"
      }
    },
    "node_modules/kierki": {
      "version": "2.1.2",
      "resolved": "https://registry.npmjs.org/kierki/-/kierki-2.1.2.tgz",
      "integrity": "sha512-rthjv/fuXLivgPUtTp5+rIUIz7ShLzz/wNOovOYrVewx6Tc644cnbX8pkbQqm1xkjgNVofFLVn9MSXCwuc+jZQ=="
    }
  }
}
